
Microsoft Visual Studio Solution File, Format Version 12.00
# Visual Studio Version 17
VisualStudioVersion = 17.13.36105.23
MinimumVisualStudioVersion = 10.0.40219.1
Project("{FAE04EC0-301F-11D3-BF4B-00C04F79EFBC}") = "ApiProduto", "ApiProduto\ApiProduto.csproj", "{80CD4A55-39AB-4326-979F-695A7CC539C8}"
	ProjectSection(ProjectDependencies) = postProject
		{DCA273EC-65D6-43EE-9C6C-A56CC53D4CF3} = {DCA273EC-65D6-43EE-9C6C-A56CC53D4CF3}
	EndProjectSection
EndProject
Project("{FAE04EC0-301F-11D3-BF4B-00C04F79EFBC}") = "loja", "loja\loja.csproj", "{DCA273EC-65D6-43EE-9C6C-A56CC53D4CF3}"
EndProject
Global
	GlobalSection(SolutionConfigurationPlatforms) = preSolution
		Debug|Any CPU = Debug|Any CPU
		Release|Any CPU = Release|Any CPU
	EndGlobalSection
	GlobalSection(ProjectConfigurationPlatforms) = postSolution
		{80CD4A55-39AB-4326-979F-695A7CC539C8}.Debug|Any CPU.ActiveCfg = Debug|Any CPU
		{80CD4A55-39AB-4326-979F-695A7CC539C8}.Debug|Any CPU.Build.0 = Debug|Any CPU
		{80CD4A55-39AB-4326-979F-695A7CC539C8}.Release|Any CPU.ActiveCfg = Release|Any CPU
		{80CD4A55-39AB-4326-979F-695A7CC539C8}.Release|Any CPU.Build.0 = Release|Any CPU
		{DCA273EC-65D6-43EE-9C6C-A56CC53D4CF3}.Debug|Any CPU.ActiveCfg = Debug|Any CPU
		{DCA273EC-65D6-43EE-9C6C-A56CC53D4CF3}.Debug|Any CPU.Build.0 = Debug|Any CPU
		{DCA273EC-65D6-43EE-9C6C-A56CC53D4CF3}.Release|Any CPU.ActiveCfg = Release|Any CPU
		{DCA273EC-65D6-43EE-9C6C-A56CC53D4CF3}.Release|Any CPU.Build.0 = Release|Any CPU
	EndGlobalSection
	GlobalSection(SolutionProperties) = preSolution
		HideSolutionNode = FALSE
	EndGlobalSection
	GlobalSection(ExtensibilityGlobals) = postSolution
		SolutionGuid = {6E3E18BF-0108-44E4-8839-FD84F076219B}
	EndGlobalSection
EndGlobal
